
Microsoft Visual Studio Solution File, Format Version 12.00
# Visual Studio 15
VisualStudioVersion = 15.0.28307.438
MinimumVisualStudioVersion = 10.0.40219.1
Project("{FAE04EC0-301F-11D3-BF4B-00C04F79EFBC}") = "Data.EF", "Data.EF\Data.EF.csproj", "{5F3E358D-E2BB-4C5C-AB8D-142FB5803068}"
EndProject
Project("{FAE04EC0-301F-11D3-BF4B-00C04F79EFBC}") = "Domain", "Domain\Domain.csproj", "{CA18CB88-47DE-4DF8-9592-6E9B4FB018ED}"
EndProject
Project("{FAE04EC0-301F-11D3-BF4B-00C04F79EFBC}") = "Web.UI", "Web.UI\Web.UI.csproj", "{1F911B7E-29E3-4821-838D-575F58AEDE08}"
EndProject
Project("{FAE04EC0-301F-11D3-BF4B-00C04F79EFBC}") = "Ramp.Services", "Ramp.Services\Ramp.Services.csproj", "{000AEFBB-729D-4E10-A4BF-1834EE86FEA6}"
EndProject
Project("{FAE04EC0-301F-11D3-BF4B-00C04F79EFBC}") = "Ramp.Security", "Ramp.Security\Ramp.Security.csproj", "{992675C1-3E90-47BB-8FAE-ED4B39C2265C}"
EndProject
Project("{FAE04EC0-301F-11D3-BF4B-00C04F79EFBC}") = "Data.EF.Customer", "Data.EF.Customer\Data.EF.Customer.csproj", "{3364A543-15E5-45AF-856F-5FB47524B476}"
EndProject
Project("{FAE04EC0-301F-11D3-BF4B-00C04F79EFBC}") = "Common", "Common\Common.csproj", "{BBBB998D-2C63-4093-98DC-6D5B452997D0}"
EndProject
Project("{FAE04EC0-301F-11D3-BF4B-00C04F79EFBC}") = "Utility", "Utility\Utility.csproj", "{73D7A7BF-A39D-413E-BC1A-3324F7737AA7}"
EndProject
Project("{FAE04EC0-301F-11D3-BF4B-00C04F79EFBC}") = "Domain.Customer", "Domain.Customer\Domain.Customer.csproj", "{6894940B-7242-4321-8FF2-C8AD228DD87C}"
EndProject
Project("{FAE04EC0-301F-11D3-BF4B-00C04F79EFBC}") = "Ramp.Contracts", "Ramp.Contracts\Ramp.Contracts.csproj", "{B579989D-E0AA-4D68-9DBF-4B7FF6800D69}"
EndProject
Global
	GlobalSection(SolutionConfigurationPlatforms) = preSolution
		Debug|Any CPU = Debug|Any CPU
		Production|Any CPU = Production|Any CPU
		QA|Any CPU = QA|Any CPU
		Release|Any CPU = Release|Any CPU
		UAT|Any CPU = UAT|Any CPU
	EndGlobalSection
	GlobalSection(ProjectConfigurationPlatforms) = postSolution
		{5F3E358D-E2BB-4C5C-AB8D-142FB5803068}.Debug|Any CPU.ActiveCfg = Debug|Any CPU
		{5F3E358D-E2BB-4C5C-AB8D-142FB5803068}.Debug|Any CPU.Build.0 = Debug|Any CPU
		{5F3E358D-E2BB-4C5C-AB8D-142FB5803068}.Production|Any CPU.ActiveCfg = Production|Any CPU
		{5F3E358D-E2BB-4C5C-AB8D-142FB5803068}.Production|Any CPU.Build.0 = Production|Any CPU
		{5F3E358D-E2BB-4C5C-AB8D-142FB5803068}.QA|Any CPU.ActiveCfg = QA|Any CPU
		{5F3E358D-E2BB-4C5C-AB8D-142FB5803068}.QA|Any CPU.Build.0 = QA|Any CPU
		{5F3E358D-E2BB-4C5C-AB8D-142FB5803068}.Release|Any CPU.ActiveCfg = Release|Any CPU
		{5F3E358D-E2BB-4C5C-AB8D-142FB5803068}.Release|Any CPU.Build.0 = Release|Any CPU
		{5F3E358D-E2BB-4C5C-AB8D-142FB5803068}.UAT|Any CPU.ActiveCfg = UAT|Any CPU
		{5F3E358D-E2BB-4C5C-AB8D-142FB5803068}.UAT|Any CPU.Build.0 = UAT|Any CPU
		{CA18CB88-47DE-4DF8-9592-6E9B4FB018ED}.Debug|Any CPU.ActiveCfg = Debug|Any CPU
		{CA18CB88-47DE-4DF8-9592-6E9B4FB018ED}.Debug|Any CPU.Build.0 = Debug|Any CPU
		{CA18CB88-47DE-4DF8-9592-6E9B4FB018ED}.Production|Any CPU.ActiveCfg = Production|Any CPU
		{CA18CB88-47DE-4DF8-9592-6E9B4FB018ED}.Production|Any CPU.Build.0 = Production|Any CPU
		{CA18CB88-47DE-4DF8-9592-6E9B4FB018ED}.QA|Any CPU.ActiveCfg = QA|Any CPU
		{CA18CB88-47DE-4DF8-9592-6E9B4FB018ED}.QA|Any CPU.Build.0 = QA|Any CPU
		{CA18CB88-47DE-4DF8-9592-6E9B4FB018ED}.Release|Any CPU.ActiveCfg = Release|Any CPU
		{CA18CB88-47DE-4DF8-9592-6E9B4FB018ED}.Release|Any CPU.Build.0 = Release|Any CPU
		{CA18CB88-47DE-4DF8-9592-6E9B4FB018ED}.UAT|Any CPU.ActiveCfg = UAT|Any CPU
		{CA18CB88-47DE-4DF8-9592-6E9B4FB018ED}.UAT|Any CPU.Build.0 = UAT|Any CPU
		{1F911B7E-29E3-4821-838D-575F58AEDE08}.Debug|Any CPU.ActiveCfg = Debug|Any CPU
		{1F911B7E-29E3-4821-838D-575F58AEDE08}.Debug|Any CPU.Build.0 = Debug|Any CPU
		{1F911B7E-29E3-4821-838D-575F58AEDE08}.Production|Any CPU.ActiveCfg = Production|Any CPU
		{1F911B7E-29E3-4821-838D-575F58AEDE08}.Production|Any CPU.Build.0 = Production|Any CPU
		{1F911B7E-29E3-4821-838D-575F58AEDE08}.QA|Any CPU.ActiveCfg = QA|Any CPU
		{1F911B7E-29E3-4821-838D-575F58AEDE08}.QA|Any CPU.Build.0 = QA|Any CPU
		{1F911B7E-29E3-4821-838D-575F58AEDE08}.Release|Any CPU.ActiveCfg = Release|Any CPU
		{1F911B7E-29E3-4821-838D-575F58AEDE08}.Release|Any CPU.Build.0 = Release|Any CPU
		{1F911B7E-29E3-4821-838D-575F58AEDE08}.UAT|Any CPU.ActiveCfg = UAT|Any CPU
		{1F911B7E-29E3-4821-838D-575F58AEDE08}.UAT|Any CPU.Build.0 = UAT|Any CPU
		{000AEFBB-729D-4E10-A4BF-1834EE86FEA6}.Debug|Any CPU.ActiveCfg = Debug|Any CPU
		{000AEFBB-729D-4E10-A4BF-1834EE86FEA6}.Debug|Any CPU.Build.0 = Debug|Any CPU
		{000AEFBB-729D-4E10-A4BF-1834EE86FEA6}.Production|Any CPU.ActiveCfg = Production|Any CPU
		{000AEFBB-729D-4E10-A4BF-1834EE86FEA6}.Production|Any CPU.Build.0 = Production|Any CPU
		{000AEFBB-729D-4E10-A4BF-1834EE86FEA6}.QA|Any CPU.ActiveCfg = QA|Any CPU
		{000AEFBB-729D-4E10-A4BF-1834EE86FEA6}.QA|Any CPU.Build.0 = QA|Any CPU
		{000AEFBB-729D-4E10-A4BF-1834EE86FEA6}.Release|Any CPU.ActiveCfg = Release|Any CPU
		{000AEFBB-729D-4E10-A4BF-1834EE86FEA6}.Release|Any CPU.Build.0 = Release|Any CPU
		{000AEFBB-729D-4E10-A4BF-1834EE86FEA6}.UAT|Any CPU.ActiveCfg = UAT|Any CPU
		{000AEFBB-729D-4E10-A4BF-1834EE86FEA6}.UAT|Any CPU.Build.0 = UAT|Any CPU
		{992675C1-3E90-47BB-8FAE-ED4B39C2265C}.Debug|Any CPU.ActiveCfg = Debug|Any CPU
		{992675C1-3E90-47BB-8FAE-ED4B39C2265C}.Debug|Any CPU.Build.0 = Debug|Any CPU
		{992675C1-3E90-47BB-8FAE-ED4B39C2265C}.Production|Any CPU.ActiveCfg = Production|Any CPU
		{992675C1-3E90-47BB-8FAE-ED4B39C2265C}.Production|Any CPU.Build.0 = Production|Any CPU
		{992675C1-3E90-47BB-8FAE-ED4B39C2265C}.QA|Any CPU.ActiveCfg = QA|Any CPU
		{992675C1-3E90-47BB-8FAE-ED4B39C2265C}.QA|Any CPU.Build.0 = QA|Any CPU
		{992675C1-3E90-47BB-8FAE-ED4B39C2265C}.Release|Any CPU.ActiveCfg = Release|Any CPU
		{992675C1-3E90-47BB-8FAE-ED4B39C2265C}.Release|Any CPU.Build.0 = Release|Any CPU
		{992675C1-3E90-47BB-8FAE-ED4B39C2265C}.UAT|Any CPU.ActiveCfg = UAT|Any CPU
		{992675C1-3E90-47BB-8FAE-ED4B39C2265C}.UAT|Any CPU.Build.0 = UAT|Any CPU
		{3364A543-15E5-45AF-856F-5FB47524B476}.Debug|Any CPU.ActiveCfg = Debug|Any CPU
		{3364A543-15E5-45AF-856F-5FB47524B476}.Debug|Any CPU.Build.0 = Debug|Any CPU
		{3364A543-15E5-45AF-856F-5FB47524B476}.Production|Any CPU.ActiveCfg = Release|Any CPU
		{3364A543-15E5-45AF-856F-5FB47524B476}.Production|Any CPU.Build.0 = Release|Any CPU
		{3364A543-15E5-45AF-856F-5FB47524B476}.QA|Any CPU.ActiveCfg = Release|Any CPU
		{3364A543-15E5-45AF-856F-5FB47524B476}.QA|Any CPU.Build.0 = Release|Any CPU
		{3364A543-15E5-45AF-856F-5FB47524B476}.Release|Any CPU.ActiveCfg = Release|Any CPU
		{3364A543-15E5-45AF-856F-5FB47524B476}.Release|Any CPU.Build.0 = Release|Any CPU
		{3364A543-15E5-45AF-856F-5FB47524B476}.UAT|Any CPU.ActiveCfg = Release|Any CPU
		{3364A543-15E5-45AF-856F-5FB47524B476}.UAT|Any CPU.Build.0 = Release|Any CPU
		{BBBB998D-2C63-4093-98DC-6D5B452997D0}.Debug|Any CPU.ActiveCfg = Debug|Any CPU
		{BBBB998D-2C63-4093-98DC-6D5B452997D0}.Debug|Any CPU.Build.0 = Debug|Any CPU
		{BBBB998D-2C63-4093-98DC-6D5B452997D0}.Production|Any CPU.ActiveCfg = Release|Any CPU
		{BBBB998D-2C63-4093-98DC-6D5B452997D0}.Production|Any CPU.Build.0 = Release|Any CPU
		{BBBB998D-2C63-4093-98DC-6D5B452997D0}.QA|Any CPU.ActiveCfg = Release|Any CPU
		{BBBB998D-2C63-4093-98DC-6D5B452997D0}.QA|Any CPU.Build.0 = Release|Any CPU
		{BBBB998D-2C63-4093-98DC-6D5B452997D0}.Release|Any CPU.ActiveCfg = Release|Any CPU
		{BBBB998D-2C63-4093-98DC-6D5B452997D0}.Release|Any CPU.Build.0 = Release|Any CPU
		{BBBB998D-2C63-4093-98DC-6D5B452997D0}.UAT|Any CPU.ActiveCfg = Release|Any CPU
		{BBBB998D-2C63-4093-98DC-6D5B452997D0}.UAT|Any CPU.Build.0 = Release|Any CPU
		{73D7A7BF-A39D-413E-BC1A-3324F7737AA7}.Debug|Any CPU.ActiveCfg = Debug|Any CPU
		{73D7A7BF-A39D-413E-BC1A-3324F7737AA7}.Debug|Any CPU.Build.0 = Debug|Any CPU
		{73D7A7BF-A39D-413E-BC1A-3324F7737AA7}.Production|Any CPU.ActiveCfg = Release|Any CPU
		{73D7A7BF-A39D-413E-BC1A-3324F7737AA7}.Production|Any CPU.Build.0 = Release|Any CPU
		{73D7A7BF-A39D-413E-BC1A-3324F7737AA7}.QA|Any CPU.ActiveCfg = Release|Any CPU
		{73D7A7BF-A39D-413E-BC1A-3324F7737AA7}.QA|Any CPU.Build.0 = Release|Any CPU
		{73D7A7BF-A39D-413E-BC1A-3324F7737AA7}.Release|Any CPU.ActiveCfg = Release|Any CPU
		{73D7A7BF-A39D-413E-BC1A-3324F7737AA7}.Release|Any CPU.Build.0 = Release|Any CPU
		{73D7A7BF-A39D-413E-BC1A-3324F7737AA7}.UAT|Any CPU.ActiveCfg = Release|Any CPU
		{73D7A7BF-A39D-413E-BC1A-3324F7737AA7}.UAT|Any CPU.Build.0 = Release|Any CPU
		{6894940B-7242-4321-8FF2-C8AD228DD87C}.Debug|Any CPU.ActiveCfg = Debug|Any CPU
		{6894940B-7242-4321-8FF2-C8AD228DD87C}.Debug|Any CPU.Build.0 = Debug|Any CPU
		{6894940B-7242-4321-8FF2-C8AD228DD87C}.Production|Any CPU.ActiveCfg = Release|Any CPU
		{6894940B-7242-4321-8FF2-C8AD228DD87C}.Production|Any CPU.Build.0 = Release|Any CPU
		{6894940B-7242-4321-8FF2-C8AD228DD87C}.QA|Any CPU.ActiveCfg = Release|Any CPU
		{6894940B-7242-4321-8FF2-C8AD228DD87C}.QA|Any CPU.Build.0 = Release|Any CPU
		{6894940B-7242-4321-8FF2-C8AD228DD87C}.Release|Any CPU.ActiveCfg = Release|Any CPU
		{6894940B-7242-4321-8FF2-C8AD228DD87C}.Release|Any CPU.Build.0 = Release|Any CPU
		{6894940B-7242-4321-8FF2-C8AD228DD87C}.UAT|Any CPU.ActiveCfg = Release|Any CPU
		{6894940B-7242-4321-8FF2-C8AD228DD87C}.UAT|Any CPU.Build.0 = Release|Any CPU
		{B579989D-E0AA-4D68-9DBF-4B7FF6800D69}.Debug|Any CPU.ActiveCfg = Debug|Any CPU
		{B579989D-E0AA-4D68-9DBF-4B7FF6800D69}.Debug|Any CPU.Build.0 = Debug|Any CPU
		{B579989D-E0AA-4D68-9DBF-4B7FF6800D69}.Production|Any CPU.ActiveCfg = Production|Any CPU
		{B579989D-E0AA-4D68-9DBF-4B7FF6800D69}.Production|Any CPU.Build.0 = Production|Any CPU
		{B579989D-E0AA-4D68-9DBF-4B7FF6800D69}.QA|Any CPU.ActiveCfg = QA|Any CPU
		{B579989D-E0AA-4D68-9DBF-4B7FF6800D69}.QA|Any CPU.Build.0 = QA|Any CPU
		{B579989D-E0AA-4D68-9DBF-4B7FF6800D69}.Release|Any CPU.ActiveCfg = Release|Any CPU
		{B579989D-E0AA-4D68-9DBF-4B7FF6800D69}.Release|Any CPU.Build.0 = Release|Any CPU
		{B579989D-E0AA-4D68-9DBF-4B7FF6800D69}.UAT|Any CPU.ActiveCfg = UAT|Any CPU
		{B579989D-E0AA-4D68-9DBF-4B7FF6800D69}.UAT|Any CPU.Build.0 = UAT|Any CPU
	EndGlobalSection
	GlobalSection(SolutionProperties) = preSolution
		HideSolutionNode = FALSE
	EndGlobalSection
	GlobalSection(ExtensibilityGlobals) = postSolution
		SolutionGuid = {AFF45963-BE48-4FBB-B702-5C45F191252C}
	EndGlobalSection
EndGlobal
